
Microsoft Visual Studio Solution File, Format Version 12.00
# Visual Studio Version 17
VisualStudioVersion = 17.2.32616.157
MinimumVisualStudioVersion = 10.0.40219.1
Project("{FAE04EC0-301F-11D3-BF4B-00C04F79EFBC}") = "ConsoleApp3", "ConsoleApp3\ConsoleApp3.csproj", "{D835FD40-7818-4A35-A605-EE5C4F0F4257}"
EndProject
Global
	GlobalSection(SolutionConfigurationPlatforms) = preSolution
		Debug|Any CPU = Debug|Any CPU
		Release|Any CPU = Release|Any CPU
	EndGlobalSection
	GlobalSection(ProjectConfigurationPlatforms) = postSolution
		{D835FD40-7818-4A35-A605-EE5C4F0F4257}.Debug|Any CPU.ActiveCfg = Debug|Any CPU
		{D835FD40-7818-4A35-A605-EE5C4F0F4257}.Debug|Any CPU.Build.0 = Debug|Any CPU
		{D835FD40-7818-4A35-A605-EE5C4F0F4257}.Release|Any CPU.ActiveCfg = Release|Any CPU
		{D835FD40-7818-4A35-A605-EE5C4F0F4257}.Release|Any CPU.Build.0 = Release|Any CPU
	EndGlobalSection
	GlobalSection(SolutionProperties) = preSolution
		HideSolutionNode = FALSE
	EndGlobalSection
	GlobalSection(ExtensibilityGlobals) = postSolution
		SolutionGuid = {35CFCA7C-9F24-47CD-B2B3-4406448E6BD9}
	EndGlobalSection
EndGlobal
